
Microsoft Visual Studio Solution File, Format Version 12.00
Project("{FAE04EC0-301F-11D3-BF4B-00C04F79EFBC}") = "OceanOfCode", "OceanOfCode\OceanOfCode.csproj", "{FD83A8A8-AC00-4079-94D8-8AC0A56BAF12}"
EndProject
Project("{FAE04EC0-301F-11D3-BF4B-00C04F79EFBC}") = "OceanOfCode.Tests", "OceanOfCode.Tests\OceanOfCode.Tests.csproj", "{34D56833-7140-4787-A812-3DC2852CB3F6}"
EndProject
Global
	GlobalSection(SolutionConfigurationPlatforms) = preSolution
		Debug|Any CPU = Debug|Any CPU
		Release|Any CPU = Release|Any CPU
	EndGlobalSection
	GlobalSection(ProjectConfigurationPlatforms) = postSolution
		{FD83A8A8-AC00-4079-94D8-8AC0A56BAF12}.Debug|Any CPU.ActiveCfg = Debug|Any CPU
		{FD83A8A8-AC00-4079-94D8-8AC0A56BAF12}.Debug|Any CPU.Build.0 = Debug|Any CPU
		{FD83A8A8-AC00-4079-94D8-8AC0A56BAF12}.Release|Any CPU.ActiveCfg = Release|Any CPU
		{FD83A8A8-AC00-4079-94D8-8AC0A56BAF12}.Release|Any CPU.Build.0 = Release|Any CPU
		{34D56833-7140-4787-A812-3DC2852CB3F6}.Debug|Any CPU.ActiveCfg = Debug|Any CPU
		{34D56833-7140-4787-A812-3DC2852CB3F6}.Debug|Any CPU.Build.0 = Debug|Any CPU
		{34D56833-7140-4787-A812-3DC2852CB3F6}.Release|Any CPU.ActiveCfg = Release|Any CPU
		{34D56833-7140-4787-A812-3DC2852CB3F6}.Release|Any CPU.Build.0 = Release|Any CPU
	EndGlobalSection
EndGlobal
